
Microsoft Visual Studio Solution File, Format Version 12.00
# Visual Studio Version 17
VisualStudioVersion = 17.3.32922.545
MinimumVisualStudioVersion = 10.0.40219.1
Project("{9A19103F-16F7-4668-BE54-9A1E7A4F7556}") = "KooliProjekt", "KooliProjekt\KooliProjekt.csproj", "{B6064AB2-66AC-4896-9DFE-E8C97404F6E0}"
EndProject
Project("{9A19103F-16F7-4668-BE54-9A1E7A4F7556}") = "KooliProjekt.UnitTests", "KooliProjekt.UnitTests\KooliProjekt.UnitTests.csproj", "{49653C82-1BAA-4ED9-B49A-B4DA0716C95B}"
EndProject
Project("{FAE04EC0-301F-11D3-BF4B-00C04F79EFBC}") = "KooliProjekt.IntegrationTests", "KooliProjekt.IntegrationTests\KooliProjekt.IntegrationTests.csproj", "{3BB162DB-501B-434A-9D8B-A22D823105D7}"
EndProject
Project("{FAE04EC0-301F-11D3-BF4B-00C04F79EFBC}") = "WpfApp", "WpfApp\WpfApp.csproj", "{FC2B90B5-8B3C-4F60-9735-42E52EA05FDA}"
EndProject
Project("{FAE04EC0-301F-11D3-BF4B-00C04F79EFBC}") = "KooliProjekt.WpfApp.UnitTests", "KooliProjekt.WpfApp.UnitTests\KooliProjekt.WpfApp.UnitTests.csproj", "{B7C69BE1-29BE-4403-A64F-CB09974396BE}"
EndProject
Project("{FAE04EC0-301F-11D3-BF4B-00C04F79EFBC}") = "KooliProjekt.WinFormsApp", "KooliProjekt.WinFormsApp\KooliProjekt.WinFormsApp.csproj", "{26FC954E-709E-44CE-A576-C8987E46581D}"
EndProject
Project("{FAE04EC0-301F-11D3-BF4B-00C04F79EFBC}") = "KooliProjekt.WinFormsPresenter.UnitTests", "KooliProjekt.WinFormsPresenter.UnitTests\KooliProjekt.WinFormsPresenter.UnitTests.csproj", "{BBBE70CC-2212-4DC5-87C7-0DAD58A394FA}"
EndProject
Project("{FAE04EC0-301F-11D3-BF4B-00C04F79EFBC}") = "KooliProjekt.BlazorApp", "KooliProjekt.BlazorApp\KooliProjekt.BlazorApp.csproj", "{52810745-AA2A-49DB-9E8B-F3F4944F8A0C}"
EndProject
Global
	GlobalSection(SolutionConfigurationPlatforms) = preSolution
		Debug|Any CPU = Debug|Any CPU
		Release|Any CPU = Release|Any CPU
	EndGlobalSection
	GlobalSection(ProjectConfigurationPlatforms) = postSolution
		{B6064AB2-66AC-4896-9DFE-E8C97404F6E0}.Debug|Any CPU.ActiveCfg = Debug|Any CPU
		{B6064AB2-66AC-4896-9DFE-E8C97404F6E0}.Debug|Any CPU.Build.0 = Debug|Any CPU
		{B6064AB2-66AC-4896-9DFE-E8C97404F6E0}.Release|Any CPU.ActiveCfg = Release|Any CPU
		{B6064AB2-66AC-4896-9DFE-E8C97404F6E0}.Release|Any CPU.Build.0 = Release|Any CPU
		{49653C82-1BAA-4ED9-B49A-B4DA0716C95B}.Debug|Any CPU.ActiveCfg = Debug|Any CPU
		{49653C82-1BAA-4ED9-B49A-B4DA0716C95B}.Debug|Any CPU.Build.0 = Debug|Any CPU
		{49653C82-1BAA-4ED9-B49A-B4DA0716C95B}.Release|Any CPU.ActiveCfg = Release|Any CPU
		{49653C82-1BAA-4ED9-B49A-B4DA0716C95B}.Release|Any CPU.Build.0 = Release|Any CPU
		{3BB162DB-501B-434A-9D8B-A22D823105D7}.Debug|Any CPU.ActiveCfg = Debug|Any CPU
		{3BB162DB-501B-434A-9D8B-A22D823105D7}.Debug|Any CPU.Build.0 = Debug|Any CPU
		{3BB162DB-501B-434A-9D8B-A22D823105D7}.Release|Any CPU.ActiveCfg = Release|Any CPU
		{3BB162DB-501B-434A-9D8B-A22D823105D7}.Release|Any CPU.Build.0 = Release|Any CPU
		{FC2B90B5-8B3C-4F60-9735-42E52EA05FDA}.Debug|Any CPU.ActiveCfg = Debug|Any CPU
		{FC2B90B5-8B3C-4F60-9735-42E52EA05FDA}.Debug|Any CPU.Build.0 = Debug|Any CPU
		{FC2B90B5-8B3C-4F60-9735-42E52EA05FDA}.Release|Any CPU.ActiveCfg = Release|Any CPU
		{FC2B90B5-8B3C-4F60-9735-42E52EA05FDA}.Release|Any CPU.Build.0 = Release|Any CPU
		{B7C69BE1-29BE-4403-A64F-CB09974396BE}.Debug|Any CPU.ActiveCfg = Debug|Any CPU
		{B7C69BE1-29BE-4403-A64F-CB09974396BE}.Debug|Any CPU.Build.0 = Debug|Any CPU
		{B7C69BE1-29BE-4403-A64F-CB09974396BE}.Release|Any CPU.ActiveCfg = Release|Any CPU
		{B7C69BE1-29BE-4403-A64F-CB09974396BE}.Release|Any CPU.Build.0 = Release|Any CPU
		{26FC954E-709E-44CE-A576-C8987E46581D}.Debug|Any CPU.ActiveCfg = Debug|Any CPU
		{26FC954E-709E-44CE-A576-C8987E46581D}.Debug|Any CPU.Build.0 = Debug|Any CPU
		{26FC954E-709E-44CE-A576-C8987E46581D}.Release|Any CPU.ActiveCfg = Release|Any CPU
		{26FC954E-709E-44CE-A576-C8987E46581D}.Release|Any CPU.Build.0 = Release|Any CPU
		{BBBE70CC-2212-4DC5-87C7-0DAD58A394FA}.Debug|Any CPU.ActiveCfg = Debug|Any CPU
		{BBBE70CC-2212-4DC5-87C7-0DAD58A394FA}.Debug|Any CPU.Build.0 = Debug|Any CPU
		{BBBE70CC-2212-4DC5-87C7-0DAD58A394FA}.Release|Any CPU.ActiveCfg = Release|Any CPU
		{BBBE70CC-2212-4DC5-87C7-0DAD58A394FA}.Release|Any CPU.Build.0 = Release|Any CPU
		{52810745-AA2A-49DB-9E8B-F3F4944F8A0C}.Debug|Any CPU.ActiveCfg = Debug|Any CPU
		{52810745-AA2A-49DB-9E8B-F3F4944F8A0C}.Debug|Any CPU.Build.0 = Debug|Any CPU
		{52810745-AA2A-49DB-9E8B-F3F4944F8A0C}.Release|Any CPU.ActiveCfg = Release|Any CPU
		{52810745-AA2A-49DB-9E8B-F3F4944F8A0C}.Release|Any CPU.Build.0 = Release|Any CPU
	EndGlobalSection
	GlobalSection(SolutionProperties) = preSolution
		HideSolutionNode = FALSE
	EndGlobalSection
	GlobalSection(ExtensibilityGlobals) = postSolution
		SolutionGuid = {792456E2-8406-497C-97E7-7999439674C1}
	EndGlobalSection
EndGlobal
